// !$*UTF8*$!
{
	archiveVersion = 1;
	classes = {
	};
	objectVersion = 56;
	objects = {

/* Begin PBXBuildFile section */
		0629FC342D33CA4100E11D67 /* WeatherAppApp.swift in Sources */ = {isa = PBXBuildFile; fileRef = 0629FC332D33CA4100E11D67 /* WeatherAppApp.swift */; };
		0629FC362D33CA4100E11D67 /* ContentView.swift in Sources */ = {isa = PBXBuildFile; fileRef = 0629FC352D33CA4100E11D67 /* ContentView.swift */; };
		0629FC382D33CA4600E11D67 /* Assets.xcassets in Resources */ = {isa = PBXBuildFile; fileRef = 0629FC372D33CA4600E11D67 /* Assets.xcassets */; };
		0629FC3B2D33CA4600E11D67 /* Preview Assets.xcassets in Resources */ = {isa = PBXBuildFile; fileRef = 0629FC3A2D33CA4600E11D67 /* Preview Assets.xcassets */; };
		0629FC492D33CFD100E11D67 /* Extensions.swift in Sources */ = {isa = PBXBuildFile; fileRef = 0629FC482D33CFD100E11D67 /* Extensions.swift */; };
		0629FC4B2D33D0F600E11D67 /* HomeView.swift in Sources */ = {isa = PBXBuildFile; fileRef = 0629FC4A2D33D0F500E11D67 /* HomeView.swift */; };
		0629FC4D2D33F74000E11D67 /* TabBar.swift in Sources */ = {isa = PBXBuildFile; fileRef = 0629FC4C2D33F74000E11D67 /* TabBar.swift */; };
		0629FC4F2D33FC8300E11D67 /* Shapes.swift in Sources */ = {isa = PBXBuildFile; fileRef = 0629FC4E2D33FC8300E11D67 /* Shapes.swift */; };
		0629FC522D34037C00E11D67 /* BottomSheet in Frameworks */ = {isa = PBXBuildFile; productRef = 0629FC512D34037C00E11D67 /* BottomSheet */; };
		062B82302D386004009D43FA /* NavigationBar.swift in Sources */ = {isa = PBXBuildFile; fileRef = 062B822F2D386004009D43FA /* NavigationBar.swift */; };
		062B82322D386256009D43FA /* WheatherView.swift in Sources */ = {isa = PBXBuildFile; fileRef = 062B82312D386256009D43FA /* WheatherView.swift */; };
		062B82342D3863FA009D43FA /* WeatherWidget.swift in Sources */ = {isa = PBXBuildFile; fileRef = 062B82332D3863FA009D43FA /* WeatherWidget.swift */; };
		06455A292D3566DD00407A6B /* Blur.swift in Sources */ = {isa = PBXBuildFile; fileRef = 06455A282D3566DD00407A6B /* Blur.swift */; };
		06689C4A2D34509100D17E48 /* ForecastViewBackground.swift in Sources */ = {isa = PBXBuildFile; fileRef = 06689C492D34509100D17E48 /* ForecastViewBackground.swift */; };
		06718E132D37FC3900BDCAA9 /* ForecastDetails.swift in Sources */ = {isa = PBXBuildFile; fileRef = 06718E122D37FC3900BDCAA9 /* ForecastDetails.swift */; };
		06FD26AB2D36EAEE008BE511 /* ForecastCard.swift in Sources */ = {isa = PBXBuildFile; fileRef = 06FD26AA2D36EAEE008BE511 /* ForecastCard.swift */; };
		06FD26AD2D3707F0008BE511 /* SegmentedControl.swift in Sources */ = {isa = PBXBuildFile; fileRef = 06FD26AC2D3707F0008BE511 /* SegmentedControl.swift */; };
		06FD26AF2D370F3C008BE511 /* ForecastViewHeader.swift in Sources */ = {isa = PBXBuildFile; fileRef = 06FD26AE2D370F3C008BE511 /* ForecastViewHeader.swift */; };
		06FD26B12D3719F1008BE511 /* ForecastModel.swift in Sources */ = {isa = PBXBuildFile; fileRef = 06FD26B02D3719F1008BE511 /* ForecastModel.swift */; };
/* End PBXBuildFile section */

/* Begin PBXFileReference section */
		0629FC302D33CA4100E11D67 /* WeatherApp.app */ = {isa = PBXFileReference; explicitFileType = wrapper.application; includeInIndex = 0; path = WeatherApp.app; sourceTree = BUILT_PRODUCTS_DIR; };
		0629FC332D33CA4100E11D67 /* WeatherAppApp.swift */ = {isa = PBXFileReference; lastKnownFileType = sourcecode.swift; path = WeatherAppApp.swift; sourceTree = "<group>"; };
		0629FC352D33CA4100E11D67 /* ContentView.swift */ = {isa = PBXFileReference; lastKnownFileType = sourcecode.swift; path = ContentView.swift; sourceTree = "<group>"; };
		0629FC372D33CA4600E11D67 /* Assets.xcassets */ = {isa = PBXFileReference; lastKnownFileType = folder.assetcatalog; path = Assets.xcassets; sourceTree = "<group>"; };
		0629FC3A2D33CA4600E11D67 /* Preview Assets.xcassets */ = {isa = PBXFileReference; lastKnownFileType = folder.assetcatalog; path = "Preview Assets.xcassets"; sourceTree = "<group>"; };
		0629FC482D33CFD100E11D67 /* Extensions.swift */ = {isa = PBXFileReference; lastKnownFileType = sourcecode.swift; path = Extensions.swift; sourceTree = "<group>"; };
		0629FC4A2D33D0F500E11D67 /* HomeView.swift */ = {isa = PBXFileReference; lastKnownFileType = sourcecode.swift; path = HomeView.swift; sourceTree = "<group>"; };
		0629FC4C2D33F74000E11D67 /* TabBar.swift */ = {isa = PBXFileReference; lastKnownFileType = sourcecode.swift; path = TabBar.swift; sourceTree = "<group>"; };
		0629FC4E2D33FC8300E11D67 /* Shapes.swift */ = {isa = PBXFileReference; lastKnownFileType = sourcecode.swift; path = Shapes.swift; sourceTree = "<group>"; };
		062B822F2D386004009D43FA /* NavigationBar.swift */ = {isa = PBXFileReference; lastKnownFileType = sourcecode.swift; path = NavigationBar.swift; sourceTree = "<group>"; };
		062B82312D386256009D43FA /* WheatherView.swift */ = {isa = PBXFileReference; lastKnownFileType = sourcecode.swift; path = WheatherView.swift; sourceTree = "<group>"; };
		062B82332D3863FA009D43FA /* WeatherWidget.swift */ = {isa = PBXFileReference; lastKnownFileType = sourcecode.swift; path = WeatherWidget.swift; sourceTree = "<group>"; };
		06455A282D3566DD00407A6B /* Blur.swift */ = {isa = PBXFileReference; lastKnownFileType = sourcecode.swift; path = Blur.swift; sourceTree = "<group>"; };
		06689C492D34509100D17E48 /* ForecastViewBackground.swift */ = {isa = PBXFileReference; lastKnownFileType = sourcecode.swift; path = ForecastViewBackground.swift; sourceTree = "<group>"; };
		06718E122D37FC3900BDCAA9 /* ForecastDetails.swift */ = {isa = PBXFileReference; lastKnownFileType = sourcecode.swift; path = ForecastDetails.swift; sourceTree = "<group>"; };
		06FD26AA2D36EAEE008BE511 /* ForecastCard.swift */ = {isa = PBXFileReference; lastKnownFileType = sourcecode.swift; path = ForecastCard.swift; sourceTree = "<group>"; };
		06FD26AC2D3707F0008BE511 /* SegmentedControl.swift */ = {isa = PBXFileReference; lastKnownFileType = sourcecode.swift; path = SegmentedControl.swift; sourceTree = "<group>"; };
		06FD26AE2D370F3C008BE511 /* ForecastViewHeader.swift */ = {isa = PBXFileReference; lastKnownFileType = sourcecode.swift; path = ForecastViewHeader.swift; sourceTree = "<group>"; };
		06FD26B02D3719F1008BE511 /* ForecastModel.swift */ = {isa = PBXFileReference; lastKnownFileType = sourcecode.swift; path = ForecastModel.swift; sourceTree = "<group>"; };
/* End PBXFileReference section */

/* Begin PBXFrameworksBuildPhase section */
		0629FC2D2D33CA4100E11D67 /* Frameworks */ = {
			isa = PBXFrameworksBuildPhase;
			buildActionMask = 2147483647;
			files = (
				0629FC522D34037C00E11D67 /* BottomSheet in Frameworks */,
			);
			runOnlyForDeploymentPostprocessing = 0;
		};
/* End PBXFrameworksBuildPhase section */

/* Begin PBXGroup section */
		0629FC272D33CA4100E11D67 = {
			isa = PBXGroup;
			children = (
				0629FC322D33CA4100E11D67 /* WeatherApp */,
				0629FC312D33CA4100E11D67 /* Products */,
			);
			sourceTree = "<group>";
		};
		0629FC312D33CA4100E11D67 /* Products */ = {
			isa = PBXGroup;
			children = (
				0629FC302D33CA4100E11D67 /* WeatherApp.app */,
			);
			name = Products;
			sourceTree = "<group>";
		};
		0629FC322D33CA4100E11D67 /* WeatherApp */ = {
			isa = PBXGroup;
			children = (
				0629FC332D33CA4100E11D67 /* WeatherAppApp.swift */,
				0629FC432D33CD2C00E11D67 /* Views */,
				0629FC422D33CD2700E11D67 /* Models */,
				0629FC412D33CD2200E11D67 /* Utils */,
				0629FC372D33CA4600E11D67 /* Assets.xcassets */,
				0629FC392D33CA4600E11D67 /* Preview Content */,
			);
			path = WeatherApp;
			sourceTree = "<group>";
		};
		0629FC392D33CA4600E11D67 /* Preview Content */ = {
			isa = PBXGroup;
			children = (
				0629FC3A2D33CA4600E11D67 /* Preview Assets.xcassets */,
			);
			path = "Preview Content";
			sourceTree = "<group>";
		};
		0629FC412D33CD2200E11D67 /* Utils */ = {
			isa = PBXGroup;
			children = (
				0629FC482D33CFD100E11D67 /* Extensions.swift */,
				0629FC4E2D33FC8300E11D67 /* Shapes.swift */,
			);
			path = Utils;
			sourceTree = "<group>";
		};
		0629FC422D33CD2700E11D67 /* Models */ = {
			isa = PBXGroup;
			children = (
				06FD26B02D3719F1008BE511 /* ForecastModel.swift */,
			);
			path = Models;
			sourceTree = "<group>";
		};
		0629FC432D33CD2C00E11D67 /* Views */ = {
			isa = PBXGroup;
			children = (
				0629FC472D33CF8400E11D67 /* Main */,
				0629FC462D33CDA900E11D67 /* Navigation */,
				0629FC452D33CD6A00E11D67 /* Details */,
				0629FC442D33CD5000E11D67 /* Componets */,
			);
			path = Views;
			sourceTree = "<group>";
		};
		0629FC442D33CD5000E11D67 /* Componets */ = {
			isa = PBXGroup;
			children = (
				06455A282D3566DD00407A6B /* Blur.swift */,
				06FD26AA2D36EAEE008BE511 /* ForecastCard.swift */,
				06FD26AC2D3707F0008BE511 /* SegmentedControl.swift */,
				062B82332D3863FA009D43FA /* WeatherWidget.swift */,
			);
			path = Componets;
			sourceTree = "<group>";
		};
		0629FC452D33CD6A00E11D67 /* Details */ = {
			isa = PBXGroup;
			children = (
				06689C492D34509100D17E48 /* ForecastViewBackground.swift */,
				06FD26AE2D370F3C008BE511 /* ForecastViewHeader.swift */,
				06718E122D37FC3900BDCAA9 /* ForecastDetails.swift */,
				062B82312D386256009D43FA /* WheatherView.swift */,
			);
			path = Details;
			sourceTree = "<group>";
		};
		0629FC462D33CDA900E11D67 /* Navigation */ = {
			isa = PBXGroup;
			children = (
				0629FC4C2D33F74000E11D67 /* TabBar.swift */,
				062B822F2D386004009D43FA /* NavigationBar.swift */,
			);
			path = Navigation;
			sourceTree = "<group>";
		};
		0629FC472D33CF8400E11D67 /* Main */ = {
			isa = PBXGroup;
			children = (
				0629FC352D33CA4100E11D67 /* ContentView.swift */,
				0629FC4A2D33D0F500E11D67 /* HomeView.swift */,
			);
			path = Main;
			sourceTree = "<group>";
		};
/* End PBXGroup section */

/* Begin PBXNativeTarget section */
		0629FC2F2D33CA4100E11D67 /* WeatherApp */ = {
			isa = PBXNativeTarget;
			buildConfigurationList = 0629FC3E2D33CA4600E11D67 /* Build configuration list for PBXNativeTarget "WeatherApp" */;
			buildPhases = (
				0629FC2C2D33CA4100E11D67 /* Sources */,
				0629FC2D2D33CA4100E11D67 /* Frameworks */,
				0629FC2E2D33CA4100E11D67 /* Resources */,
			);
			buildRules = (
			);
			dependencies = (
			);
			name = WeatherApp;
			packageProductDependencies = (
				0629FC512D34037C00E11D67 /* BottomSheet */,
			);
			productName = WeatherApp;
			productReference = 0629FC302D33CA4100E11D67 /* WeatherApp.app */;
			productType = "com.apple.product-type.application";
		};
/* End PBXNativeTarget section */

/* Begin PBXProject section */
		0629FC282D33CA4100E11D67 /* Project object */ = {
			isa = PBXProject;
			attributes = {
				BuildIndependentTargetsInParallel = 1;
				LastSwiftUpdateCheck = 1420;
				LastUpgradeCheck = 1420;
				TargetAttributes = {
					0629FC2F2D33CA4100E11D67 = {
						CreatedOnToolsVersion = 14.2;
					};
				};
			};
			buildConfigurationList = 0629FC2B2D33CA4100E11D67 /* Build configuration list for PBXProject "WeatherApp" */;
			compatibilityVersion = "Xcode 14.0";
			developmentRegion = en;
			hasScannedForEncodings = 0;
			knownRegions = (
				en,
				Base,
			);
			mainGroup = 0629FC272D33CA4100E11D67;
			packageReferences = (
				0629FC502D34037C00E11D67 /* XCRemoteSwiftPackageReference "BottomSheet" */,
			);
			productRefGroup = 0629FC312D33CA4100E11D67 /* Products */;
			projectDirPath = "";
			projectRoot = "";
			targets = (
				0629FC2F2D33CA4100E11D67 /* WeatherApp */,
			);
		};
/* End PBXProject section */

/* Begin PBXResourcesBuildPhase section */
		0629FC2E2D33CA4100E11D67 /* Resources */ = {
			isa = PBXResourcesBuildPhase;
			buildActionMask = 2147483647;
			files = (
				0629FC3B2D33CA4600E11D67 /* Preview Assets.xcassets in Resources */,
				0629FC382D33CA4600E11D67 /* Assets.xcassets in Resources */,
			);
			runOnlyForDeploymentPostprocessing = 0;
		};
/* End PBXResourcesBuildPhase section */

/* Begin PBXSourcesBuildPhase section */
		0629FC2C2D33CA4100E11D67 /* Sources */ = {
			isa = PBXSourcesBuildPhase;
			buildActionMask = 2147483647;
			files = (
				0629FC362D33CA4100E11D67 /* ContentView.swift in Sources */,
				0629FC4B2D33D0F600E11D67 /* HomeView.swift in Sources */,
				062B82342D3863FA009D43FA /* WeatherWidget.swift in Sources */,
				06718E132D37FC3900BDCAA9 /* ForecastDetails.swift in Sources */,
				06FD26AB2D36EAEE008BE511 /* ForecastCard.swift in Sources */,
				06FD26AF2D370F3C008BE511 /* ForecastViewHeader.swift in Sources */,
				06455A292D3566DD00407A6B /* Blur.swift in Sources */,
				0629FC4D2D33F74000E11D67 /* TabBar.swift in Sources */,
				0629FC492D33CFD100E11D67 /* Extensions.swift in Sources */,
				06689C4A2D34509100D17E48 /* ForecastViewBackground.swift in Sources */,
				0629FC342D33CA4100E11D67 /* WeatherAppApp.swift in Sources */,
				06FD26AD2D3707F0008BE511 /* SegmentedControl.swift in Sources */,
				062B82302D386004009D43FA /* NavigationBar.swift in Sources */,
				062B82322D386256009D43FA /* WheatherView.swift in Sources */,
				06FD26B12D3719F1008BE511 /* ForecastModel.swift in Sources */,
				0629FC4F2D33FC8300E11D67 /* Shapes.swift in Sources */,
			);
			runOnlyForDeploymentPostprocessing = 0;
		};
/* End PBXSourcesBuildPhase section */

/* Begin XCBuildConfiguration section */
		0629FC3C2D33CA4600E11D67 /* Debug */ = {
			isa = XCBuildConfiguration;
			buildSettings = {
				ALWAYS_SEARCH_USER_PATHS = NO;
				CLANG_ANALYZER_NONNULL = YES;
				CLANG_ANALYZER_NUMBER_OBJECT_CONVERSION = YES_AGGRESSIVE;
				CLANG_CXX_LANGUAGE_STANDARD = "gnu++20";
				CLANG_ENABLE_MODULES = YES;
				CLANG_ENABLE_OBJC_ARC = YES;
				CLANG_ENABLE_OBJC_WEAK = YES;
				CLANG_WARN_BLOCK_CAPTURE_AUTORELEASING = YES;
				CLANG_WARN_BOOL_CONVERSION = YES;
				CLANG_WARN_COMMA = YES;
				CLANG_WARN_CONSTANT_CONVERSION = YES;
				CLANG_WARN_DEPRECATED_OBJC_IMPLEMENTATIONS = YES;
				CLANG_WARN_DIRECT_OBJC_ISA_USAGE = YES_ERROR;
				CLANG_WARN_DOCUMENTATION_COMMENTS = YES;
				CLANG_WARN_EMPTY_BODY = YES;
				CLANG_WARN_ENUM_CONVERSION = YES;
				CLANG_WARN_INFINITE_RECURSION = YES;
				CLANG_WARN_INT_CONVERSION = YES;
				CLANG_WARN_NON_LITERAL_NULL_CONVERSION = YES;
				CLANG_WARN_OBJC_IMPLICIT_RETAIN_SELF = YES;
				CLANG_WARN_OBJC_LITERAL_CONVERSION = YES;
				CLANG_WARN_OBJC_ROOT_CLASS = YES_ERROR;
				CLANG_WARN_QUOTED_INCLUDE_IN_FRAMEWORK_HEADER = YES;
				CLANG_WARN_RANGE_LOOP_ANALYSIS = YES;
				CLANG_WARN_STRICT_PROTOTYPES = YES;
				CLANG_WARN_SUSPICIOUS_MOVE = YES;
				CLANG_WARN_UNGUARDED_AVAILABILITY = YES_AGGRESSIVE;
				CLANG_WARN_UNREACHABLE_CODE = YES;
				CLANG_WARN__DUPLICATE_METHOD_MATCH = YES;
				COPY_PHASE_STRIP = NO;
				DEBUG_INFORMATION_FORMAT = dwarf;
				ENABLE_STRICT_OBJC_MSGSEND = YES;
				ENABLE_TESTABILITY = YES;
				GCC_C_LANGUAGE_STANDARD = gnu11;
				GCC_DYNAMIC_NO_PIC = NO;
				GCC_NO_COMMON_BLOCKS = YES;
				GCC_OPTIMIZATION_LEVEL = 0;
				GCC_PREPROCESSOR_DEFINITIONS = (
					"DEBUG=1",
					"$(inherited)",
				);
				GCC_WARN_64_TO_32_BIT_CONVERSION = YES;
				GCC_WARN_ABOUT_RETURN_TYPE = YES_ERROR;
				GCC_WARN_UNDECLARED_SELECTOR = YES;
				GCC_WARN_UNINITIALIZED_AUTOS = YES_AGGRESSIVE;
				GCC_WARN_UNUSED_FUNCTION = YES;
				GCC_WARN_UNUSED_VARIABLE = YES;
				IPHONEOS_DEPLOYMENT_TARGET = 16.2;
				MTL_ENABLE_DEBUG_INFO = INCLUDE_SOURCE;
				MTL_FAST_MATH = YES;
				ONLY_ACTIVE_ARCH = YES;
				SDKROOT = iphoneos;
				SWIFT_ACTIVE_COMPILATION_CONDITIONS = DEBUG;
				SWIFT_OPTIMIZATION_LEVEL = "-Onone";
			};
			name = Debug;
		};
		0629FC3D2D33CA4600E11D67 /* Release */ = {
			isa = XCBuildConfiguration;
			buildSettings = {
				ALWAYS_SEARCH_USER_PATHS = NO;
				CLANG_ANALYZER_NONNULL = YES;
				CLANG_ANALYZER_NUMBER_OBJECT_CONVERSION = YES_AGGRESSIVE;
				CLANG_CXX_LANGUAGE_STANDARD = "gnu++20";
				CLANG_ENABLE_MODULES = YES;
				CLANG_ENABLE_OBJC_ARC = YES;
				CLANG_ENABLE_OBJC_WEAK = YES;
				CLANG_WARN_BLOCK_CAPTURE_AUTORELEASING = YES;
				CLANG_WARN_BOOL_CONVERSION = YES;
				CLANG_WARN_COMMA = YES;
				CLANG_WARN_CONSTANT_CONVERSION = YES;
				CLANG_WARN_DEPRECATED_OBJC_IMPLEMENTATIONS = YES;
				CLANG_WARN_DIRECT_OBJC_ISA_USAGE = YES_ERROR;
				CLANG_WARN_DOCUMENTATION_COMMENTS = YES;
				CLANG_WARN_EMPTY_BODY = YES;
				CLANG_WARN_ENUM_CONVERSION = YES;
				CLANG_WARN_INFINITE_RECURSION = YES;
				CLANG_WARN_INT_CONVERSION = YES;
				CLANG_WARN_NON_LITERAL_NULL_CONVERSION = YES;
				CLANG_WARN_OBJC_IMPLICIT_RETAIN_SELF = YES;
				CLANG_WARN_OBJC_LITERAL_CONVERSION = YES;
				CLANG_WARN_OBJC_ROOT_CLASS = YES_ERROR;
				CLANG_WARN_QUOTED_INCLUDE_IN_FRAMEWORK_HEADER = YES;
				CLANG_WARN_RANGE_LOOP_ANALYSIS = YES;
				CLANG_WARN_STRICT_PROTOTYPES = YES;
				CLANG_WARN_SUSPICIOUS_MOVE = YES;
				CLANG_WARN_UNGUARDED_AVAILABILITY = YES_AGGRESSIVE;
				CLANG_WARN_UNREACHABLE_CODE = YES;
				CLANG_WARN__DUPLICATE_METHOD_MATCH = YES;
				COPY_PHASE_STRIP = NO;
				DEBUG_INFORMATION_FORMAT = "dwarf-with-dsym";
				ENABLE_NS_ASSERTIONS = NO;
				ENABLE_STRICT_OBJC_MSGSEND = YES;
				GCC_C_LANGUAGE_STANDARD = gnu11;
				GCC_NO_COMMON_BLOCKS = YES;
				GCC_WARN_64_TO_32_BIT_CONVERSION = YES;
				GCC_WARN_ABOUT_RETURN_TYPE = YES_ERROR;
				GCC_WARN_UNDECLARED_SELECTOR = YES;
				GCC_WARN_UNINITIALIZED_AUTOS = YES_AGGRESSIVE;
				GCC_WARN_UNUSED_FUNCTION = YES;
				GCC_WARN_UNUSED_VARIABLE = YES;
				IPHONEOS_DEPLOYMENT_TARGET = 16.2;
				MTL_ENABLE_DEBUG_INFO = NO;
				MTL_FAST_MATH = YES;
				SDKROOT = iphoneos;
				SWIFT_COMPILATION_MODE = wholemodule;
				SWIFT_OPTIMIZATION_LEVEL = "-O";
				VALIDATE_PRODUCT = YES;
			};
			name = Release;
		};
		0629FC3F2D33CA4600E11D67 /* Debug */ = {
			isa = XCBuildConfiguration;
			buildSettings = {
				ASSETCATALOG_COMPILER_APPICON_NAME = AppIcon;
				ASSETCATALOG_COMPILER_GLOBAL_ACCENT_COLOR_NAME = AccentColor;
				CODE_SIGN_STYLE = Automatic;
				CURRENT_PROJECT_VERSION = 1;
				DEVELOPMENT_ASSET_PATHS = "\"WeatherApp/Preview Content\"";
				ENABLE_PREVIEWS = YES;
				GENERATE_INFOPLIST_FILE = YES;
				INFOPLIST_KEY_UIApplicationSceneManifest_Generation = YES;
				INFOPLIST_KEY_UIApplicationSupportsIndirectInputEvents = YES;
				INFOPLIST_KEY_UILaunchScreen_Generation = YES;
				INFOPLIST_KEY_UISupportedInterfaceOrientations_iPad = "UIInterfaceOrientationPortrait UIInterfaceOrientationPortraitUpsideDown UIInterfaceOrientationLandscapeLeft UIInterfaceOrientationLandscapeRight";
				INFOPLIST_KEY_UISupportedInterfaceOrientations_iPhone = "UIInterfaceOrientationPortrait UIInterfaceOrientationLandscapeLeft UIInterfaceOrientationLandscapeRight";
				LD_RUNPATH_SEARCH_PATHS = (
					"$(inherited)",
					"@executable_path/Frameworks",
				);
				MARKETING_VERSION = 1.0;
				PRODUCT_BUNDLE_IDENTIFIER = com.thiagosena.WeatherApp;
				PRODUCT_NAME = "$(TARGET_NAME)";
				SWIFT_EMIT_LOC_STRINGS = YES;
				SWIFT_VERSION = 5.0;
				TARGETED_DEVICE_FAMILY = "1,2";
			};
			name = Debug;
		};
		0629FC402D33CA4600E11D67 /* Release */ = {
			isa = XCBuildConfiguration;
			buildSettings = {
				ASSETCATALOG_COMPILER_APPICON_NAME = AppIcon;
				ASSETCATALOG_COMPILER_GLOBAL_ACCENT_COLOR_NAME = AccentColor;
				CODE_SIGN_STYLE = Automatic;
				CURRENT_PROJECT_VERSION = 1;
				DEVELOPMENT_ASSET_PATHS = "\"WeatherApp/Preview Content\"";
				ENABLE_PREVIEWS = YES;
				GENERATE_INFOPLIST_FILE = YES;
				INFOPLIST_KEY_UIApplicationSceneManifest_Generation = YES;
				INFOPLIST_KEY_UIApplicationSupportsIndirectInputEvents = YES;
				INFOPLIST_KEY_UILaunchScreen_Generation = YES;
				INFOPLIST_KEY_UISupportedInterfaceOrientations_iPad = "UIInterfaceOrientationPortrait UIInterfaceOrientationPortraitUpsideDown UIInterfaceOrientationLandscapeLeft UIInterfaceOrientationLandscapeRight";
				INFOPLIST_KEY_UISupportedInterfaceOrientations_iPhone = "UIInterfaceOrientationPortrait UIInterfaceOrientationLandscapeLeft UIInterfaceOrientationLandscapeRight";
				LD_RUNPATH_SEARCH_PATHS = (
					"$(inherited)",
					"@executable_path/Frameworks",
				);
				MARKETING_VERSION = 1.0;
				PRODUCT_BUNDLE_IDENTIFIER = com.thiagosena.WeatherApp;
				PRODUCT_NAME = "$(TARGET_NAME)";
				SWIFT_EMIT_LOC_STRINGS = YES;
				SWIFT_VERSION = 5.0;
				TARGETED_DEVICE_FAMILY = "1,2";
			};
			name = Release;
		};
/* End XCBuildConfiguration section */

/* Begin XCConfigurationList section */
		0629FC2B2D33CA4100E11D67 /* Build configuration list for PBXProject "WeatherApp" */ = {
			isa = XCConfigurationList;
			buildConfigurations = (
				0629FC3C2D33CA4600E11D67 /* Debug */,
				0629FC3D2D33CA4600E11D67 /* Release */,
			);
			defaultConfigurationIsVisible = 0;
			defaultConfigurationName = Release;
		};
		0629FC3E2D33CA4600E11D67 /* Build configuration list for PBXNativeTarget "WeatherApp" */ = {
			isa = XCConfigurationList;
			buildConfigurations = (
				0629FC3F2D33CA4600E11D67 /* Debug */,
				0629FC402D33CA4600E11D67 /* Release */,
			);
			defaultConfigurationIsVisible = 0;
			defaultConfigurationName = Release;
		};
/* End XCConfigurationList section */

/* Begin XCRemoteSwiftPackageReference section */
		0629FC502D34037C00E11D67 /* XCRemoteSwiftPackageReference "BottomSheet" */ = {
			isa = XCRemoteSwiftPackageReference;
			repositoryURL = "https://github.com/Wouter125/BottomSheet/";
			requirement = {
				kind = upToNextMajorVersion;
				minimumVersion = 2.0.0;
			};
		};
/* End XCRemoteSwiftPackageReference section */

/* Begin XCSwiftPackageProductDependency section */
		0629FC512D34037C00E11D67 /* BottomSheet */ = {
			isa = XCSwiftPackageProductDependency;
			package = 0629FC502D34037C00E11D67 /* XCRemoteSwiftPackageReference "BottomSheet" */;
			productName = BottomSheet;
		};
/* End XCSwiftPackageProductDependency section */
	};
	rootObject = 0629FC282D33CA4100E11D67 /* Project object */;
}
